GIT
  remote: https://github.com/timgentry/ndr_avro
  revision: 0f233e67b22a2ee74dda717d9b59dce569228305
  branch: main
  specs:
    ndr_avro (0.1.0)
      avro (~> 1.11.0)
      ndr_import

GIT
  remote: https://github.com/timgentry/ndr_import
  revision: 8c43a40664fb5e1edfe9b6cf98b6e30f827a0942
  branch: feature/filename_column
  specs:
    ndr_import (10.1.1)
      activemodel
      activesupport (>= 5.0, < 7)
      docx (~> 0.3)
      msworddoc-extractor (= 0.2.0)
      ndr_support (>= 5.3.2, < 6)
      nokogiri (~> 1.8, >= 1.8.5)
      ooxml_decrypt
      pdf-reader (~> 2.1)
      roo (~> 2.0)
      roo-xls
      rubyzip (~> 2.0)
      seven_zip_ruby (~> 1.3)
      spreadsheet (= 1.2.6)

GEM
  remote: https://rubygems.org/
  specs:
    Ascii85 (1.1.0)
    activemodel (6.1.6.1)
      activesupport (= 6.1.6.1)
    activerecord (6.1.6.1)
      activemodel (= 6.1.6.1)
      activesupport (= 6.1.6.1)
    activesupport (6.1.6.1)
      concurrent-ruby (~> 1.0, >= 1.0.2)
      i18n (>= 1.6, < 2)
      minitest (>= 5.1)
      tzinfo (~> 2.0)
      zeitwerk (~> 2.3)
    afm (0.2.2)
    avro (1.11.0)
      multi_json (~> 1.0)
    aws-eventstream (1.2.0)
    aws-partitions (1.603.0)
    aws-sdk-core (3.131.2)
      aws-eventstream (~> 1, >= 1.0.2)
      aws-partitions (~> 1, >= 1.525.0)
      aws-sigv4 (~> 1.1)
      jmespath (~> 1, >= 1.6.1)
    aws-sdk-kms (1.57.0)
      aws-sdk-core (~> 3, >= 3.127.0)
      aws-sigv4 (~> 1.1)
    aws-sdk-s3 (1.114.0)
      aws-sdk-core (~> 3, >= 3.127.0)
      aws-sdk-kms (~> 1)
      aws-sigv4 (~> 1.4)
    aws-sigv4 (1.5.0)
      aws-eventstream (~> 1, >= 1.0.2)
    concurrent-ruby (1.1.10)
    docx (0.7.0)
      nokogiri (~> 1.13, >= 1.13.0)
      rubyzip (~> 2.0)
    hashery (2.1.2)
    i18n (1.11.0)
      concurrent-ruby (~> 1.0)
    jmespath (1.6.1)
    minitest (5.16.2)
    msworddoc-extractor (0.2.0)
      ruby-ole
    multi_json (1.15.0)
    ndr_support (5.9.0)
      activerecord (>= 5.2.0, < 7)
      activesupport (>= 5.2.0, < 7)
    nokogiri (1.13.6-x86_64-darwin)
      racc (~> 1.4)
    nokogiri (1.13.6-x86_64-linux)
      racc (~> 1.4)
    ooxml_decrypt (1.0.0)
      nokogiri (~> 1.10)
      ruby-ole (~> 1.2)
    pdf-reader (2.10.0)
      Ascii85 (~> 1.0)
      afm (~> 0.2.1)
      hashery (~> 2.0)
      ruby-rc4
      ttfunk
    racc (1.6.0)
    roo (2.9.0)
      nokogiri (~> 1)
      rubyzip (>= 1.3.0, < 3.0.0)
    roo-xls (1.2.0)
      nokogiri
      roo (>= 2.0.0, < 3)
      spreadsheet (> 0.9.0)
    ruby-ole (1.2.12.2)
    ruby-rc4 (0.1.5)
    rubyzip (2.3.2)
    seven_zip_ruby (1.3.0)
    spreadsheet (1.2.6)
      ruby-ole (>= 1.0)
    ttfunk (1.7.0)
    tzinfo (2.0.4)
      concurrent-ruby (~> 1.0)
    zeitwerk (2.6.0)

PLATFORMS
  x86_64-darwin-20
  x86_64-linux

DEPENDENCIES
  aws-sdk-s3 (~> 1)
  ndr_avro!
  ndr_import!

BUNDLED WITH
   2.3.17
